
Microsoft Visual Studio Solution File, Format Version 12.00
# Visual Studio Version 17
VisualStudioVersion = 17.2.32526.322
MinimumVisualStudioVersion = 10.0.40219.1
Project("{FAE04EC0-301F-11D3-BF4B-00C04F79EFBC}") = "pedidoServiceApi", "pedidoServiceApi\pedidoServiceApi.csproj", "{14DE27B5-1772-451B-B939-0768D2EB3A45}"
EndProject
Global
	GlobalSection(SolutionConfigurationPlatforms) = preSolution
		Debug|Any CPU = Debug|Any CPU
		Release|Any CPU = Release|Any CPU
	EndGlobalSection
	GlobalSection(ProjectConfigurationPlatforms) = postSolution
		{14DE27B5-1772-451B-B939-0768D2EB3A45}.Debug|Any CPU.ActiveCfg = Debug|Any CPU
		{14DE27B5-1772-451B-B939-0768D2EB3A45}.Debug|Any CPU.Build.0 = Debug|Any CPU
		{14DE27B5-1772-451B-B939-0768D2EB3A45}.Release|Any CPU.ActiveCfg = Release|Any CPU
		{14DE27B5-1772-451B-B939-0768D2EB3A45}.Release|Any CPU.Build.0 = Release|Any CPU
	EndGlobalSection
	GlobalSection(SolutionProperties) = preSolution
		HideSolutionNode = FALSE
	EndGlobalSection
	GlobalSection(ExtensibilityGlobals) = postSolution
		SolutionGuid = {133466D7-1DA7-486C-A863-4162E5BAE560}
	EndGlobalSection
EndGlobal
